
Microsoft Visual Studio Solution File, Format Version 12.00
Project("{FAE04EC0-301F-11D3-BF4B-00C04F79EFBC}") = "Bridge.ConsoleApp", "Bridge.ConsoleApp\Bridge.ConsoleApp.csproj", "{62095047-6199-4D90-911C-C67603400FBA}"
EndProject
Global
	GlobalSection(SolutionConfigurationPlatforms) = preSolution
		Debug|Any CPU = Debug|Any CPU
		Release|Any CPU = Release|Any CPU
	EndGlobalSection
	GlobalSection(ProjectConfigurationPlatforms) = postSolution
		{62095047-6199-4D90-911C-C67603400FBA}.Debug|Any CPU.ActiveCfg = Debug|Any CPU
		{62095047-6199-4D90-911C-C67603400FBA}.Debug|Any CPU.Build.0 = Debug|Any CPU
		{62095047-6199-4D90-911C-C67603400FBA}.Release|Any CPU.ActiveCfg = Release|Any CPU
		{62095047-6199-4D90-911C-C67603400FBA}.Release|Any CPU.Build.0 = Release|Any CPU
	EndGlobalSection
EndGlobal
