
Microsoft Visual Studio Solution File, Format Version 12.00
Project("{FAE04EC0-301F-11D3-BF4B-00C04F79EFBC}") = "ServiceLocatorDemo", "ServiceLocatorDemo\ServiceLocatorDemo.csproj", "{D9FCB9B1-C15C-498E-A88B-67186D69F6E0}"
EndProject
Project("{FAE04EC0-301F-11D3-BF4B-00C04F79EFBC}") = "ServiceLocatorImproved", "ServiceLocatorImproved\ServiceLocatorImproved.csproj", "{0B23788E-7BF8-4DDD-99C8-197A285DBB47}"
EndProject
Project("{FAE04EC0-301F-11D3-BF4B-00C04F79EFBC}") = "ServiceLocatorAdvanced", "ServiceLocatorAdvanced\ServiceLocatorAdvanced.csproj", "{A5FF8542-ADD1-487F-AD60-C5A78324C349}"
EndProject
Global
	GlobalSection(SolutionConfigurationPlatforms) = preSolution
		Debug|Any CPU = Debug|Any CPU
		Release|Any CPU = Release|Any CPU
	EndGlobalSection
	GlobalSection(ProjectConfigurationPlatforms) = postSolution
		{D9FCB9B1-C15C-498E-A88B-67186D69F6E0}.Debug|Any CPU.ActiveCfg = Debug|Any CPU
		{D9FCB9B1-C15C-498E-A88B-67186D69F6E0}.Debug|Any CPU.Build.0 = Debug|Any CPU
		{D9FCB9B1-C15C-498E-A88B-67186D69F6E0}.Release|Any CPU.ActiveCfg = Release|Any CPU
		{D9FCB9B1-C15C-498E-A88B-67186D69F6E0}.Release|Any CPU.Build.0 = Release|Any CPU
		{0B23788E-7BF8-4DDD-99C8-197A285DBB47}.Debug|Any CPU.ActiveCfg = Debug|Any CPU
		{0B23788E-7BF8-4DDD-99C8-197A285DBB47}.Debug|Any CPU.Build.0 = Debug|Any CPU
		{0B23788E-7BF8-4DDD-99C8-197A285DBB47}.Release|Any CPU.ActiveCfg = Release|Any CPU
		{0B23788E-7BF8-4DDD-99C8-197A285DBB47}.Release|Any CPU.Build.0 = Release|Any CPU
		{A5FF8542-ADD1-487F-AD60-C5A78324C349}.Debug|Any CPU.ActiveCfg = Debug|Any CPU
		{A5FF8542-ADD1-487F-AD60-C5A78324C349}.Debug|Any CPU.Build.0 = Debug|Any CPU
		{A5FF8542-ADD1-487F-AD60-C5A78324C349}.Release|Any CPU.ActiveCfg = Release|Any CPU
		{A5FF8542-ADD1-487F-AD60-C5A78324C349}.Release|Any CPU.Build.0 = Release|Any CPU
	EndGlobalSection
EndGlobal
